github.com/bluele/slack v0.0.0-20180528010058-b4b4d354a079 h1:dm7wU6Dyf+rVGryOAB8/J/I+pYT/9AdG8dstD3kdMWU=
github.com/bluele/slack v0.0.0-20180528010058-b4b4d354a079/go.mod h1:W679Ri2W93VLD8cVpEY/zLH1ow4zhJcCyjzrKxfM3QM=
github.com/dnsimple/dnsimple-go v0.22.0 h1:McLDPeZcbrwRBHPge121vZxGnWNFYVX63P2ZAspl4hk=
github.com/dnsimple/dnsimple-go v0.22.0/go.mod h1:0FYu4qVNv/UcfZPNwa9zi68IkggJu3TIwM54D7rhmI4=
github.com/golang/protobuf v1.2.0/go.mod h1:6lQm79b+lXiMfvg/cZm0SGofjICqVBUtrP5yJMmIC1U=
github.com/google/go-querystring v1.0.0 h1:Xkwi/a1rcvNg1PPYe5vI8GbeBY/jrVuDX5ASuANWTrk=
github.com/google/go-querystring v1.0.0/go.mod h1:odCYkC5MyYFN7vkCjXpyrEuKhc/BUO6wN/zVPAxq5ck=
github.com/julienschmidt/httprouter v1.2.0 h1:TDTW5Yz1mjftljbcKqRcrYhd4XeOoI98t+9HbQbYf7g=
github.com/julienschmidt/httprouter v1.2.0/go.mod h1:SYymIcj16QtmaHHD7aYtjjsJG7VTCxuUUipMqKk8s4w=
github.com/wunderlist/ttlcache v0.0.0-20180801091818-7dbceb0d5094 h1:SKfd0IzhLdnCU0v/Qj7inYUUejGdFP2/24mB9DXT/G8=
github.com/wunderlist/ttlcache v0.0.0-20180801091818-7dbceb0d5094/go.mod h1:oWWm4B/FRe5AKcl+/5tz6YaA4HWpzzt5hSKM5+LSYgM=
golang.org/x/net v0.0.0-20180724234803-3673e40ba225/go.mod h1:mL1N/T3taQHkDXs73rZJwtUhF3w3ftmwwsq0BUmARs4=
golang.org/x/net v0.0.0-20181114220301-adae6a3d119a/go.mod h1:mL1N/T3taQHkDXs73rZJwtUhF3w3ftmwwsq0BUmARs4=
golang.org/x/oauth2 v0.0.0-20181106182150-f42d05182288/go.mod h1:N/0e6XlmueqKjAGxoOufVs8QHGRruUQn6yWY3a++T0U=
golang.org/x/sync v0.0.0-20181108010431-42b317875d0f/go.mod h1:RxMgew5VJxzue5/jJTE5uejpjVlOe/izrB70Jof72aM=
golang.org/x/text v0.3.0/go.mod h1:NqM8EUOU14njkJ3fqMW+pc6Ldnwhi/IjpwHt7yyuwOQ=
google.golang.org/appengine v1.3.0/go.mod h1:xpcJRLb0r/rnEns0DIKYYv+WjYCduHsrkT7/EB5XEv4=
